Microsoft Visual Studio Solution File, Format Version 12.00
# Visual Studio Version 17
VisualStudioVersion = 17.0.31903.59
MinimumVisualStudioVersion = 10.0.40219.1
Project("{9A19103F-16F7-4668-BE54-9A1E7A4F7556}") = "TradingCourse.Web", "TradingCourse.Web\TradingCourse.Web.csproj", "{8BB2717D-8E5E-4B6A-9C2D-1A2B3C4D5E6F}"
EndProject
Project("{9A19103F-16F7-4668-BE54-9A1E7A4F7556}") = "TradingCourse.Application", "TradingCourse.Application\TradingCourse.Application.csproj", "{7AA1606C-7D4D-3A59-8B1C-091827364554}"
EndProject
Project("{9A19103F-16F7-4668-BE54-9A1E7A4F7556}") = "TradingCourse.Shared", "TradingCourse.Shared\TradingCourse.Shared.csproj", "{6B9F155B-6C3C-2948-7A0B-081716273443}"
EndProject
Global
	GlobalSection(SolutionConfigurationPlatforms) = preSolution
		Debug|Any CPU = Debug|Any CPU
		Release|Any CPU = Release|Any CPU
	EndGlobalSection
	GlobalSection(ProjectConfigurationPlatforms) = postSolution
		{8BB2717D-8E5E-4B6A-9C2D-1A2B3C4D5E6F}.Debug|Any CPU.ActiveCfg = Debug|Any CPU
		{8BB2717D-8E5E-4B6A-9C2D-1A2B3C4D5E6F}.Debug|Any CPU.Build.0 = Debug|Any CPU
		{7AA1606C-7D4D-3A59-8B1C-091827364554}.Debug|Any CPU.ActiveCfg = Debug|Any CPU
		{7AA1606C-7D4D-3A59-8B1C-091827364554}.Debug|Any CPU.Build.0 = Debug|Any CPU
		{6B9F155B-6C3C-2948-7A0B-081716273443}.Debug|Any CPU.ActiveCfg = Debug|Any CPU
		{6B9F155B-6C3C-2948-7A0B-081716273443}.Debug|Any CPU.Build.0 = Debug|Any CPU
	EndGlobalSection
EndGlobal
